
Microsoft Visual Studio Solution File, Format Version 12.00
Project("{FAE04EC0-301F-11D3-BF4B-00C04F79EFBC}") = "CopyLiu.Toolkit", "CopyLiu.Toolkit\CopyLiu.Toolkit.csproj", "{D98B38A1-307D-4B81-805F-6B578354AB0A}"
EndProject
Project("{FAE04EC0-301F-11D3-BF4B-00C04F79EFBC}") = "CopyLiu.Toolkit.Test", "CopyLiu.Toolkit.Test\CopyLiu.Toolkit.Test.csproj", "{7BE9243E-FF33-442C-A1A4-CC452FAF0F31}"
EndProject
Global
	GlobalSection(SolutionConfigurationPlatforms) = preSolution
		Debug|Any CPU = Debug|Any CPU
		Release|Any CPU = Release|Any CPU
	EndGlobalSection
	GlobalSection(ProjectConfigurationPlatforms) = postSolution
		{D98B38A1-307D-4B81-805F-6B578354AB0A}.Debug|Any CPU.ActiveCfg = Debug|Any CPU
		{D98B38A1-307D-4B81-805F-6B578354AB0A}.Debug|Any CPU.Build.0 = Debug|Any CPU
		{D98B38A1-307D-4B81-805F-6B578354AB0A}.Release|Any CPU.ActiveCfg = Release|Any CPU
		{D98B38A1-307D-4B81-805F-6B578354AB0A}.Release|Any CPU.Build.0 = Release|Any CPU
		{7BE9243E-FF33-442C-A1A4-CC452FAF0F31}.Debug|Any CPU.ActiveCfg = Debug|Any CPU
		{7BE9243E-FF33-442C-A1A4-CC452FAF0F31}.Debug|Any CPU.Build.0 = Debug|Any CPU
		{7BE9243E-FF33-442C-A1A4-CC452FAF0F31}.Release|Any CPU.ActiveCfg = Release|Any CPU
		{7BE9243E-FF33-442C-A1A4-CC452FAF0F31}.Release|Any CPU.Build.0 = Release|Any CPU
	EndGlobalSection
EndGlobal
